{
  "requires": true,
  "lockfileVersion": 1,
  "dependencies": {
    "@tensorflow-models/toxicity": {
      "version": "1.1.1",
      "resolved": "https://registry.npmjs.org/@tensorflow-models/toxicity/-/toxicity-1.1.1.tgz",
      "integrity": "sha512-fbgBvHKiZP7Purw0XS+IDZVYUP1jnNGe3MSKTDHQtdKTEkQ3hJ7tKo5JP26vlvCp9S+BkvQa7uxBGcXx41jkSQ==",
      "requires": {
        "@tensorflow-models/universal-sentence-encoder": "~1.1.1"
      }
    },
    "@tensorflow-models/universal-sentence-encoder": {
      "version": "1.1.1",
      "resolved": "https://registry.npmjs.org/@tensorflow-models/universal-sentence-encoder/-/universal-sentence-encoder-1.1.1.tgz",
      "integrity": "sha512-A6vyjSgI5LM00fD0cJe3uYqy9NQBxYEq9snfcKKlzzoQE6ZlrBhlCKWnR4Y3tCfA/4dmIi/l0/wj9GT83+gocA=="
    },
    "@tensorflow/tfjs": {
      "version": "1.2.2",
      "resolved": "https://registry.npmjs.org/@tensorflow/tfjs/-/tfjs-1.2.2.tgz",
      "integrity": "sha512-HfhSzL2eTWhlT0r/A5wmo+u3bHe+an16p5wsnFH3ujn21fQ8QtGpSfDHQZjWx1kVFaQnV6KBG+17MOrRHoHlLA==",
      "requires": {
        "@tensorflow/tfjs-converter": "1.2.2",
        "@tensorflow/tfjs-core": "1.2.2",
        "@tensorflow/tfjs-data": "1.2.2",
        "@tensorflow/tfjs-layers": "1.2.2"
      }
    },
    "@tensorflow/tfjs-converter": {
      "version": "1.2.2",
      "resolved": "https://registry.npmjs.org/@tensorflow/tfjs-converter/-/tfjs-converter-1.2.2.tgz",
      "integrity": "sha512-NM2NcPRHpCNeJdBxHcYpmW9ZHTQ2lJFJgmgGpQ8CxSC9CtQB05bFONs3SKcwMNDE/69QBRVom5DYqLCVUg+A+g=="
    },
    "@tensorflow/tfjs-core": {
      "version": "1.2.2",
      "resolved": "https://registry.npmjs.org/@tensorflow/tfjs-core/-/tfjs-core-1.2.2.tgz",
      "integrity": "sha512-2hCHMKjh3UNpLEjbAEaurrTGJyj/KpLtMSAraWgHA1vGY0kmk50BBSbgCDmXWUVm7lyh/SkCq4/GrGDZktEs3g==",
      "requires": {
        "@types/offscreencanvas": "~2019.3.0",
        "@types/seedrandom": "2.4.27",
        "@types/webgl-ext": "0.0.30",
        "@types/webgl2": "0.0.4",
        "node-fetch": "~2.1.2",
        "rollup-plugin-visualizer": "~1.1.1",
        "seedrandom": "2.4.3"
      }
    },
    "@tensorflow/tfjs-data": {
      "version": "1.2.2",
      "resolved": "https://registry.npmjs.org/@tensorflow/tfjs-data/-/tfjs-data-1.2.2.tgz",
      "integrity": "sha512-oHGBoGdnCl2RyouLKplQqo+iil0iJgPbi/aoHizhpO77UBuJXlKMblH8w5GbxVAw3hKxWlqzYpxPo6rVRgehNA==",
      "requires": {
        "@types/node-fetch": "^2.1.2",
        "node-fetch": "~2.1.2"
      }
    },
    "@tensorflow/tfjs-layers": {
      "version": "1.2.2",
      "resolved": "https://registry.npmjs.org/@tensorflow/tfjs-layers/-/tfjs-layers-1.2.2.tgz",
      "integrity": "sha512-yzWZaZrCVpEyTkSrzMe4OOP4aGUfaaROE/zR9fPsPGGF8wLlbLNZUJjeYUmjy3G3pXGaM0mQUbLR5Vd707CVtQ=="
    },
    "@types/node": {
      "version": "12.0.12",
      "resolved": "https://registry.npmjs.org/@types/node/-/node-12.0.12.tgz",
      "integrity": "sha512-Uy0PN4R5vgBUXFoJrKryf5aTk3kJ8Rv3PdlHjl6UaX+Cqp1QE0yPQ68MPXGrZOfG7gZVNDIJZYyot0B9ubXUrQ=="
    },
    "@types/node-fetch": {
      "version": "2.3.7",
      "resolved": "https://registry.npmjs.org/@types/node-fetch/-/node-fetch-2.3.7.tgz",
      "integrity": "sha512-+bKtuxhj/TYSSP1r4CZhfmyA0vm/aDRQNo7vbAgf6/cZajn0SAniGGST07yvI4Q+q169WTa2/x9gEHfJrkcALw==",
      "requires": {
        "@types/node": "*"
      }
    },
    "@types/offscreencanvas": {
      "version": "2019.3.0",
      "resolved": "https://registry.npmjs.org/@types/offscreencanvas/-/offscreencanvas-2019.3.0.tgz",
      "integrity": "sha512-esIJx9bQg+QYF0ra8GnvfianIY8qWB0GBx54PK5Eps6m+xTj86KLavHv6qDhzKcu5UUOgNfJ2pWaIIV7TRUd9Q=="
    },
    "@types/seedrandom": {
      "version": "2.4.27",
      "resolved": "https://registry.npmjs.org/@types/seedrandom/-/seedrandom-2.4.27.tgz",
      "integrity": "sha1-nbVjk33YaRX2kJK8QyWdL0hXjkE="
    },
    "@types/webgl-ext": {
      "version": "0.0.30",
      "resolved": "https://registry.npmjs.org/@types/webgl-ext/-/webgl-ext-0.0.30.tgz",
      "integrity": "sha512-LKVgNmBxN0BbljJrVUwkxwRYqzsAEPcZOe6S2T6ZaBDIrFp0qu4FNlpc5sM1tGbXUYFgdVQIoeLk1Y1UoblyEg=="
    },
    "@types/webgl2": {
      "version": "0.0.4",
      "resolved": "https://registry.npmjs.org/@types/webgl2/-/webgl2-0.0.4.tgz",
      "integrity": "sha512-PACt1xdErJbMUOUweSrbVM7gSIYm1vTncW2hF6Os/EeWi6TXYAYMPp+8v6rzHmypE5gHrxaxZNXgMkJVIdZpHw=="
    },
    "async-limiter": {
      "version": "1.0.0",
      "resolved": "https://registry.npmjs.org/async-limiter/-/async-limiter-1.0.0.tgz",
      "integrity": "sha512-jp/uFnooOiO+L211eZOoSyzpOITMXx1rBITauYykG3BRYPu8h0UcxsPNB04RR5vo4Tyz3+ay17tR6JVf9qzYWg=="
    },
    "discord.js": {
      "version": "11.5.1",
      "resolved": "https://registry.npmjs.org/discord.js/-/discord.js-11.5.1.tgz",
      "integrity": "sha512-tGhV5xaZXE3Z+4uXJb3hYM6gQ1NmnSxp9PClcsSAYFVRzH6AJH74040mO3afPDMWEAlj8XsoPXXTJHTxesqcGw==",
      "requires": {
        "long": "^4.0.0",
        "prism-media": "^0.0.3",
        "snekfetch": "^3.6.4",
        "tweetnacl": "^1.0.0",
        "ws": "^6.0.0"
      }
    },
    "enmap": {
      "version": "5.0.0",
      "resolved": "https://registry.npmjs.org/enmap/-/enmap-5.0.0.tgz",
      "integrity": "sha512-ntA4u4/p4FYpfFHAHiuLviIgVJYa5Bb1m5J9xkA1Ch3dgarHIqxdsDbzQS9PM3z9iF2yae/ud8uKQDMYPmRx2w==",
      "requires": {
        "lodash": "^4.17.11"
      }
    },
    "is-wsl": {
      "version": "1.1.0",
      "resolved": "https://registry.npmjs.org/is-wsl/-/is-wsl-1.1.0.tgz",
      "integrity": "sha1-HxbkqiKwTRM2tmGIpmrzxgDDpm0=",
      "optional": true
    },
    "lodash": {
      "version": "4.17.15",
      "resolved": "https://registry.npmjs.org/lodash/-/lodash-4.17.15.tgz",
      "integrity": "sha512-8xOcRHvCjnocdS5cpwXQXVzmmh5e5+saE2QGoeQmbKmRS6J3VQppPOIt0MnmE+4xlZoumy0GPG0D0MVIQbNA1A=="
    },
    "long": {
      "version": "4.0.0",
      "resolved": "https://registry.npmjs.org/long/-/long-4.0.0.tgz",
      "integrity": "sha512-XsP+KhQif4bjX1kbuSiySJFNAehNxgLb6hPRGJ9QsUr8ajHkuXGdrHmFUTUUXhDwVX2R5bY4JNZEwbUiMhV+MA=="
    },
    "minimist": {
      "version": "1.2.5",
      "resolved": "https://registry.npmjs.org/minimist/-/minimist-1.2.5.tgz",
      "integrity": "sha512-FM9nNUYrRBAELZQT3xeZQ7fmMOBg6nWNmJKTcgsJeaLstP/UODVpGsr5OhXhhXg6f+qtJ8uiZ+PUxkDWcgIXLw==",
      "optional": true
    },
    "mkdirp": {
      "version": "0.5.5",
      "resolved": "https://registry.npmjs.org/mkdirp/-/mkdirp-0.5.5.tgz",
      "integrity": "sha512-NKmAlESf6jMGym1++R0Ra7wvhV+wFW63FaSOFPwRahvea0gMUcGUhVeAg/0BC0wiv9ih5NYPB1Wn1UEI1/L+xQ==",
      "optional": true,
      "requires": {
        "minimist": "^1.2.5"
      }
    },
    "node-fetch": {
      "version": "2.1.2",
      "resolved": "https://registry.npmjs.org/node-fetch/-/node-fetch-2.1.2.tgz",
      "integrity": "sha1-q4hOjn5X44qUR1POxwb3iNF2i7U="
    },
    "opn": {
      "version": "5.5.0",
      "resolved": "https://registry.npmjs.org/opn/-/opn-5.5.0.tgz",
      "integrity": "sha512-PqHpggC9bLV0VeWcdKhkpxY+3JTzetLSqTCWL/z/tFIbI6G8JCjondXklT1JinczLz2Xib62sSp0T/gKT4KksA==",
      "optional": true,
      "requires": {
        "is-wsl": "^1.1.0"
      }
    },
    "prism-media": {
      "version": "0.0.3",
      "resolved": "https://registry.npmjs.org/prism-media/-/prism-media-0.0.3.tgz",
      "integrity": "sha512-c9KkNifSMU/iXT8FFTaBwBMr+rdVcN+H/uNv1o+CuFeTThNZNTOrQ+RgXA1yL/DeLk098duAeRPP3QNPNbhxYQ=="
    },
    "rollup-plugin-visualizer": {
      "version": "1.1.1",
      "resolved": "https://registry.npmjs.org/rollup-plugin-visualizer/-/rollup-plugin-visualizer-1.1.1.tgz",
      "integrity": "sha512-7xkSKp+dyJmSC7jg2LXqViaHuOnF1VvIFCnsZEKjrgT5ZVyiLLSbeszxFcQSfNJILphqgAEmWAUz0Z4xYScrRw==",
      "optional": true,
      "requires": {
        "mkdirp": "^0.5.1",
        "opn": "^5.4.0",
        "source-map": "^0.7.3",
        "typeface-oswald": "0.0.54"
      }
    },
    "seedrandom": {
      "version": "2.4.3",
      "resolved": "https://registry.npmjs.org/seedrandom/-/seedrandom-2.4.3.tgz",
      "integrity": "sha1-JDhQTa0zkXMUv/GKxNeU8W1qrsw="
    },
    "snekfetch": {
      "version": "3.6.4",
      "resolved": "https://registry.npmjs.org/snekfetch/-/snekfetch-3.6.4.tgz",
      "integrity": "sha512-NjxjITIj04Ffqid5lqr7XdgwM7X61c/Dns073Ly170bPQHLm6jkmelye/eglS++1nfTWktpP6Y2bFXjdPlQqdw=="
    },
    "source-map": {
      "version": "0.7.3",
      "resolved": "https://registry.npmjs.org/source-map/-/source-map-0.7.3.tgz",
      "integrity": "sha512-CkCj6giN3S+n9qrYiBTX5gystlENnRW5jZeNLHpe6aue+SrHcG5VYwujhW9s4dY31mEGsxBDrHR6oI69fTXsaQ==",
      "optional": true
    },
    "tweetnacl": {
      "version": "1.0.1",
      "resolved": "https://registry.npmjs.org/tweetnacl/-/tweetnacl-1.0.1.tgz",
      "integrity": "sha512-kcoMoKTPYnoeS50tzoqjPY3Uv9axeuuFAZY9M/9zFnhoVvRfxz9K29IMPD7jGmt2c8SW7i3gT9WqDl2+nV7p4A=="
    },
    "typeface-oswald": {
      "version": "0.0.54",
      "resolved": "https://registry.npmjs.org/typeface-oswald/-/typeface-oswald-0.0.54.tgz",
      "integrity": "sha512-U1WMNp4qfy4/3khIfHMVAIKnNu941MXUfs3+H9R8PFgnoz42Hh9pboSFztWr86zut0eXC8byalmVhfkiKON/8Q==",
      "optional": true
    },
    "ws": {
      "version": "6.2.1",
      "resolved": "https://registry.npmjs.org/ws/-/ws-6.2.1.tgz",
      "integrity": "sha512-GIyAXC2cB7LjvpgMt9EKS2ldqr0MTrORaleiOno6TweZ6r3TKtoFQWay/2PceJ3RuBasOHzXNn5Lrw1X0bEjqA==",
      "requires": {
        "async-limiter": "~1.0.0"
      }
    }
  }
}
